
Microsoft Visual Studio Solution File, Format Version 12.00
# Visual Studio 2013
VisualStudioVersion = 12.0.21005.1
MinimumVisualStudioVersion = 10.0.40219.1
Project("{F184B08F-C81C-45F6-A57F-5ABD9991F28F}") = "PhoneApp1", "PhoneApp1\PhoneApp1.vbproj", "{D67FC1B2-2342-4215-A9C6-582713D19CB8}"
EndProject
Global
	GlobalSection(SolutionConfigurationPlatforms) = preSolution
		Debug|Any CPU = Debug|Any CPU
		Debug|ARM = Debug|ARM
		Debug|x86 = Debug|x86
		Release|Any CPU = Release|Any CPU
		Release|ARM = Release|ARM
		Release|x86 = Release|x86
	EndGlobalSection
	GlobalSection(ProjectConfigurationPlatforms) = postSolution
		{D67FC1B2-2342-4215-A9C6-582713D19CB8}.Debug|Any CPU.ActiveCfg = Debug|Any CPU
		{D67FC1B2-2342-4215-A9C6-582713D19CB8}.Debug|Any CPU.Build.0 = Debug|Any CPU
		{D67FC1B2-2342-4215-A9C6-582713D19CB8}.Debug|Any CPU.Deploy.0 = Debug|Any CPU
		{D67FC1B2-2342-4215-A9C6-582713D19CB8}.Debug|ARM.ActiveCfg = Debug|ARM
		{D67FC1B2-2342-4215-A9C6-582713D19CB8}.Debug|ARM.Build.0 = Debug|ARM
		{D67FC1B2-2342-4215-A9C6-582713D19CB8}.Debug|ARM.Deploy.0 = Debug|ARM
		{D67FC1B2-2342-4215-A9C6-582713D19CB8}.Debug|x86.ActiveCfg = Debug|x86
		{D67FC1B2-2342-4215-A9C6-582713D19CB8}.Debug|x86.Build.0 = Debug|x86
		{D67FC1B2-2342-4215-A9C6-582713D19CB8}.Debug|x86.Deploy.0 = Debug|x86
		{D67FC1B2-2342-4215-A9C6-582713D19CB8}.Release|Any CPU.ActiveCfg = Release|Any CPU
		{D67FC1B2-2342-4215-A9C6-582713D19CB8}.Release|Any CPU.Build.0 = Release|Any CPU
		{D67FC1B2-2342-4215-A9C6-582713D19CB8}.Release|Any CPU.Deploy.0 = Release|Any CPU
		{D67FC1B2-2342-4215-A9C6-582713D19CB8}.Release|ARM.ActiveCfg = Release|ARM
		{D67FC1B2-2342-4215-A9C6-582713D19CB8}.Release|ARM.Build.0 = Release|ARM
		{D67FC1B2-2342-4215-A9C6-582713D19CB8}.Release|ARM.Deploy.0 = Release|ARM
		{D67FC1B2-2342-4215-A9C6-582713D19CB8}.Release|x86.ActiveCfg = Release|x86
		{D67FC1B2-2342-4215-A9C6-582713D19CB8}.Release|x86.Build.0 = Release|x86
		{D67FC1B2-2342-4215-A9C6-582713D19CB8}.Release|x86.Deploy.0 = Release|x86
	EndGlobalSection
	GlobalSection(SolutionProperties) = preSolution
		HideSolutionNode = FALSE
	EndGlobalSection
EndGlobal
